<?xml version="1.0" encoding="utf-8"?>
<Project ToolsVersion="4.0" xmlns="http://schemas.microsoft.com/developer/msbuild/2003">
  <ItemGroup>
    <ClCompile Include="DynamicArriveSteering.cpp">
      <Filter>Source Files\Steering</Filter>
    </ClCompile>
    <ClCompile Include="DynamicSeekSteering.cpp">
      <Filter>Source Files\Steering</Filter>
    </ClCompile>
    <ClCompile Include="KinematicArriveSteering.cpp">
      <Filter>Source Files\Steering</Filter>
    </ClCompile>
    <ClCompile Include="KinematicSeekSteering.cpp">
      <Filter>Source Files\Steering</Filter>
    </ClCompile>
    <ClCompile Include="KinematicWanderSteering.cpp">
      <Filter>Source Files\Steering</Filter>
    </ClCompile>
    <ClCompile Include="GameMessage.cpp">
      <Filter>Source Files\Messaging</Filter>
    </ClCompile>
    <ClCompile Include="GameMessageManager.cpp">
      <Filter>Source Files\Messaging</Filter>
    </ClCompile>
    <ClCompile Include="GraphicsSystem.cpp">
      <Filter>Source Files\Graphics</Filter>
    </ClCompile>
    <ClCompile Include="GraphicsBuffer.cpp">
      <Filter>Source Files\Graphics</Filter>
    </ClCompile>
    <ClCompile Include="Kinematic.cpp">
      <Filter>Source Files\Units</Filter>
    </ClCompile>
    <ClCompile Include="KinematicUnit.cpp">
      <Filter>Source Files\Units</Filter>
    </ClCompile>
    <ClCompile Include="PlayerMoveToMessage.cpp">
      <Filter>Source Files\Messaging</Filter>
    </ClCompile>
    <ClCompile Include="Sprite.cpp">
      <Filter>Source Files\Graphics</Filter>
    </ClCompile>
    <ClCompile Include="Steering.cpp">
      <Filter>Source Files\Steering</Filter>
    </ClCompile>
    <ClCompile Include="Game.cpp">
      <Filter>Source Files\Util</Filter>
    </ClCompile>
    <ClCompile Include="main.cpp">
      <Filter>Source Files\Util</Filter>
    </ClCompile>
    <ClCompile Include="SpriteManager.cpp">
      <Filter>Source Files\Graphics</Filter>
    </ClCompile>
    <ClCompile Include="GraphicsBufferManager.cpp">
      <Filter>Source Files\Graphics</Filter>
    </ClCompile>
    <ClCompile Include="UnitManager.cpp">
      <Filter>Source Files\Util</Filter>
    </ClCompile>
    <ClCompile Include="InputManager.cpp">
      <Filter>Source Files\Util</Filter>
    </ClCompile>
    <ClCompile Include="CreateDynamicArrive.cpp">
      <Filter>Source Files\Messaging</Filter>
    </ClCompile>
    <ClCompile Include="CreateDynamicSeek.cpp">
      <Filter>Source Files\Messaging</Filter>
    </ClCompile>
    <ClCompile Include="DeleteUnitMessage.cpp">
      <Filter>Source Files\Messaging</Filter>
    </ClCompile>
    <ClCompile Include="EndGameMessage.cpp">
      <Filter>Source Files\Messaging</Filter>
    </ClCompile>
    <ClCompile Include="CreateWanderSeek.cpp">
      <Filter>Source Files\Messaging</Filter>
    </ClCompile>
    <ClCompile Include="CreateWanderFlee.cpp">
      <Filter>Source Files\Messaging</Filter>
    </ClCompile>
    <ClCompile Include="DynamicWanderAndSeek.cpp">
      <Filter>Source Files\Steering</Filter>
    </ClCompile>
    <ClCompile Include="Face.cpp">
      <Filter>Source Files\Steering</Filter>
    </ClCompile>
    <ClCompile Include="WallDetection.cpp">
      <Filter>Source Files\Steering</Filter>
    </ClCompile>
    <ClCompile Include="CollisionDetector.cpp">
      <Filter>Source Files\Util</Filter>
    </ClCompile>
    <ClCompile Include="UiManager.cpp">
      <Filter>Source Files\Util</Filter>
    </ClCompile>
    <ClCompile Include="UpdateMouseUiMessage.cpp">
      <Filter>Source Files\Messaging</Filter>
    </ClCompile>
    <ClCompile Include="UpdateUnitUiMessage.cpp">
      <Filter>Source Files\Messaging</Filter>
    </ClCompile>
    <ClCompile Include="ChangeUnitValue.cpp">
      <Filter>Source Files\Messaging</Filter>
    </ClCompile>
    <ClCompile Include="CollisionAvoidance.cpp">
      <Filter>Source Files\Steering</Filter>
    </ClCompile>
    <ClCompile Include="BlendedSteering.cpp">
      <Filter>Source Files\Steering</Filter>
    </ClCompile>
    <ClCompile Include="SwitchUi.cpp">
      <Filter>Source Files\Messaging</Filter>
    </ClCompile>
    <ClCompile Include="Cohesion.cpp">
      <Filter>Source Files\Steering</Filter>
    </ClCompile>
    <ClCompile Include="Separation.cpp">
      <Filter>Source Files\Steering</Filter>
    </ClCompile>
    <ClCompile Include="VelocityMatching.cpp">
      <Filter>Source Files\Steering</Filter>
    </ClCompile>
    <ClCompile Include="Allignment.cpp">
      <Filter>Source Files\Steering</Filter>
    </ClCompile>
    <ClCompile Include="CreateBoidMessage.cpp">
      <Filter>Header Files\Steering</Filter>
    </ClCompile>
    <ClCompile Include="CreateBoidFlock.cpp">
      <Filter>Source Files\Messaging</Filter>
    </ClCompile>
    <ClCompile Include="CylinderCollisoin.cpp">
      <Filter>Source Files\Steering</Filter>
    </ClCompile>
    <ClCompile Include="SaveSettingsMessage.cpp">
      <Filter>Source Files\Messaging</Filter>
    </ClCompile>
    <ClCompile Include="HorizontalWall.cpp">
      <Filter>Source Files\Units</Filter>
    </ClCompile>
    <ClCompile Include="VerticalWall.cpp">
      <Filter>Source Files\Units</Filter>
    </ClCompile>
    <ClCompile Include="PlayerMovement.cpp">
      <Filter>Source Files\Steering</Filter>
    </ClCompile>
    <ClCompile Include="MovementMessage.cpp">
      <Filter>Source Files\Messaging</Filter>
    </ClCompile>
    <ClCompile Include="Player.cpp">
      <Filter>Source Files\Units</Filter>
    </ClCompile>
    <ClCompile Include="Raycast.cpp" />
    <ClCompile Include="WallUnit.cpp" />
    <ClCompile Include="CircleCollision.cpp" />
    <ClCompile Include="Graph.cpp">
      <Filter>Pathfinding</Filter>
    </ClCompile>
    <ClCompile Include="Node.cpp">
      <Filter>Pathfinding</Filter>
    </ClCompile>
    <ClCompile Include="Connection.cpp">
      <Filter>Pathfinding</Filter>
    </ClCompile>
    <ClCompile Include="ToggleDebugMessage.cpp">
      <Filter>Source Files\Messaging</Filter>
    </ClCompile>
    <ClCompile Include="CreateNodeMessage.cpp">
      <Filter>Source Files\Messaging</Filter>
    </ClCompile>
    <ClCompile Include="DeleteNodeMessage.cpp">
      <Filter>Source Files\Messaging</Filter>
    </ClCompile>
    <ClCompile Include="WanderToNode.cpp">
      <Filter>Source Files\Steering</Filter>
    </ClCompile>
    <ClCompile Include="PoliceSteering.cpp" />
    <ClCompile Include="StateMachine.cpp" />
    <ClCompile Include="PickupUnit.cpp" />
    <ClCompile Include="DeadSteering.cpp" />
  </ItemGroup>
  <ItemGroup>
    <ClInclude Include="GraphicsBuffer.h">
      <Filter>Header Files\Graphics</Filter>
    </ClInclude>
    <ClInclude Include="GraphicsSystem.h">
      <Filter>Header Files\Graphics</Filter>
    </ClInclude>
    <ClInclude Include="Sprite.h">
      <Filter>Header Files\Graphics</Filter>
    </ClInclude>
    <ClInclude Include="KinematicUnit.h">
      <Filter>Header Files\Units</Filter>
    </ClInclude>
    <ClInclude Include="Kinematic.h">
      <Filter>Header Files\Units</Filter>
    </ClInclude>
    <ClInclude Include="DynamicArriveSteering.h">
      <Filter>Header Files\Steering</Filter>
    </ClInclude>
    <ClInclude Include="DynamicSeekSteering.h">
      <Filter>Header Files\Steering</Filter>
    </ClInclude>
    <ClInclude Include="KinematicArriveSteering.h">
      <Filter>Header Files\Steering</Filter>
    </ClInclude>
    <ClInclude Include="KinematicSeekSteering.h">
      <Filter>Header Files\Steering</Filter>
    </ClInclude>
    <ClInclude Include="KinematicWanderSteering.h">
      <Filter>Header Files\Steering</Filter>
    </ClInclude>
    <ClInclude Include="Steering.h">
      <Filter>Header Files\Steering</Filter>
    </ClInclude>
    <ClInclude Include="GameMessage.h">
      <Filter>Header Files\Messaging</Filter>
    </ClInclude>
    <ClInclude Include="GameMessageManager.h">
      <Filter>Header Files\Messaging</Filter>
    </ClInclude>
    <ClInclude Include="PlayerMoveToMessage.h">
      <Filter>Header Files\Messaging</Filter>
    </ClInclude>
    <ClInclude Include="Defines.h">
      <Filter>Header Files\Util</Filter>
    </ClInclude>
    <ClInclude Include="Game.h">
      <Filter>Header Files\Util</Filter>
    </ClInclude>
    <ClInclude Include="SpriteManager.h">
      <Filter>Header Files\Graphics</Filter>
    </ClInclude>
    <ClInclude Include="GraphicsBufferManager.h">
      <Filter>Header Files\Graphics</Filter>
    </ClInclude>
    <ClInclude Include="UnitManager.h">
      <Filter>Header Files\Util</Filter>
    </ClInclude>
    <ClInclude Include="InputManager.h">
      <Filter>Header Files\Util</Filter>
    </ClInclude>
    <ClInclude Include="CreateDynamicArrive.h">
      <Filter>Header Files\Messaging</Filter>
    </ClInclude>
    <ClInclude Include="CreateDynamicSeek.h">
      <Filter>Header Files\Messaging</Filter>
    </ClInclude>
    <ClInclude Include="DeleteUnitMessage.h">
      <Filter>Header Files\Messaging</Filter>
    </ClInclude>
    <ClInclude Include="EndGameMessage.h">
      <Filter>Header Files\Messaging</Filter>
    </ClInclude>
    <ClInclude Include="CreateWanderSeek.h">
      <Filter>Header Files\Messaging</Filter>
    </ClInclude>
    <ClInclude Include="CreateWanderFlee.h">
      <Filter>Header Files\Messaging</Filter>
    </ClInclude>
    <ClInclude Include="DynamicWanderAndSeek.h">
      <Filter>Header Files\Steering</Filter>
    </ClInclude>
    <ClInclude Include="Face.h">
      <Filter>Header Files\Steering</Filter>
    </ClInclude>
    <ClInclude Include="WallDetection.h">
      <Filter>Header Files\Steering</Filter>
    </ClInclude>
    <ClInclude Include="CollisionDetector.h">
      <Filter>Header Files\Util</Filter>
    </ClInclude>
    <ClInclude Include="UiManager.h">
      <Filter>Header Files\Util</Filter>
    </ClInclude>
    <ClInclude Include="UpdateMouseUiMessage.h">
      <Filter>Header Files\Messaging</Filter>
    </ClInclude>
    <ClInclude Include="UpdateUnitUiMessage.h">
      <Filter>Header Files\Messaging</Filter>
    </ClInclude>
    <ClInclude Include="ChangeUnitValue.h">
      <Filter>Header Files\Messaging</Filter>
    </ClInclude>
    <ClInclude Include="CollisionAvoidance.h">
      <Filter>Header Files\Steering</Filter>
    </ClInclude>
    <ClInclude Include="BlendedSteering.h">
      <Filter>Header Files\Steering</Filter>
    </ClInclude>
    <ClInclude Include="SwitchUI.h">
      <Filter>Header Files\Messaging</Filter>
    </ClInclude>
    <ClInclude Include="BehaviorandWeight.h">
      <Filter>Header Files\Steering</Filter>
    </ClInclude>
    <ClInclude Include="Cohesion.h">
      <Filter>Header Files\Steering</Filter>
    </ClInclude>
    <ClInclude Include="Separation.h">
      <Filter>Header Files\Steering</Filter>
    </ClInclude>
    <ClInclude Include="VelocityMatching.h">
      <Filter>Header Files\Steering</Filter>
    </ClInclude>
    <ClInclude Include="Allignment.h">
      <Filter>Header Files\Steering</Filter>
    </ClInclude>
    <ClInclude Include="CreateBoidFlock.h">
      <Filter>Header Files\Messaging</Filter>
    </ClInclude>
    <ClInclude Include="CylinderCollision.h">
      <Filter>Header Files\Steering</Filter>
    </ClInclude>
    <ClInclude Include="SaveSettingsMessage.h">
      <Filter>Header Files\Messaging</Filter>
    </ClInclude>
    <ClInclude Include="HorizontalWall.h">
      <Filter>Header Files\Units</Filter>
    </ClInclude>
    <ClInclude Include="VerticalWall.h">
      <Filter>Header Files\Units</Filter>
    </ClInclude>
    <ClInclude Include="MovementMessage.h">
      <Filter>Header Files\Messaging</Filter>
    </ClInclude>
    <ClInclude Include="PlayerMovement.h">
      <Filter>Header Files\Steering</Filter>
    </ClInclude>
    <ClInclude Include="Player.h">
      <Filter>Header Files\Units</Filter>
    </ClInclude>
    <ClInclude Include="Raycast.h" />
    <ClInclude Include="WallUnit.h" />
    <ClInclude Include="CircleCollision.h" />
    <ClInclude Include="Graph.h">
      <Filter>Pathfinding</Filter>
    </ClInclude>
    <ClInclude Include="Node.h">
      <Filter>Pathfinding</Filter>
    </ClInclude>
    <ClInclude Include="Connection.h">
      <Filter>Pathfinding</Filter>
    </ClInclude>
    <ClInclude Include="ToggleDebugMessage.h">
      <Filter>Header Files\Messaging</Filter>
    </ClInclude>
    <ClInclude Include="CreateNodeMessage.h">
      <Filter>Header Files\Messaging</Filter>
    </ClInclude>
    <ClInclude Include="DeleteNodeMessage.h">
      <Filter>Header Files\Messaging</Filter>
    </ClInclude>
    <ClInclude Include="WanderToNode.h">
      <Filter>Header Files\Steering</Filter>
    </ClInclude>
    <ClInclude Include="PoliceSteering.h" />
    <ClInclude Include="StateMachine.h" />
    <ClInclude Include="PickupUnit.h" />
    <ClInclude Include="DeadSteering.h" />
  </ItemGroup>
  <ItemGroup>
    <Filter Include="Header Files">
      <UniqueIdentifier>{58071a7d-cbb0-4abd-9790-6b2e658844e3}</UniqueIdentifier>
    </Filter>
    <Filter Include="Source Files">
      <UniqueIdentifier>{30ffa034-0511-4b02-96bb-ac319241f08f}</UniqueIdentifier>
    </Filter>
    <Filter Include="Header Files\Graphics">
      <UniqueIdentifier>{a86be52d-b1f6-4f9f-a9e2-5f1081efbd57}</UniqueIdentifier>
    </Filter>
    <Filter Include="Header Files\Units">
      <UniqueIdentifier>{26445efa-7c39-4c21-90ae-870498e58f16}</UniqueIdentifier>
    </Filter>
    <Filter Include="Header Files\Steering">
      <UniqueIdentifier>{72ced478-f532-407f-b1dd-b86e7a70d554}</UniqueIdentifier>
    </Filter>
    <Filter Include="Header Files\Messaging">
      <UniqueIdentifier>{10a6d440-6024-40e5-85be-fa43cefafc34}</UniqueIdentifier>
    </Filter>
    <Filter Include="Header Files\Util">
      <UniqueIdentifier>{f1f8b550-13c6-4421-8c34-2355daeda283}</UniqueIdentifier>
    </Filter>
    <Filter Include="Source Files\Graphics">
      <UniqueIdentifier>{d9580c2a-964f-46dd-87dd-a4da057d3768}</UniqueIdentifier>
    </Filter>
    <Filter Include="Source Files\Messaging">
      <UniqueIdentifier>{db5bf32e-639d-4ac3-8ada-24db94aa84d2}</UniqueIdentifier>
    </Filter>
    <Filter Include="Source Files\Util">
      <UniqueIdentifier>{23437882-c747-469d-ab3a-9f6b940a3517}</UniqueIdentifier>
    </Filter>
    <Filter Include="Source Files\Steering">
      <UniqueIdentifier>{f05039fa-fecc-4595-b12b-a5ec331714d4}</UniqueIdentifier>
    </Filter>
    <Filter Include="Source Files\Units">
      <UniqueIdentifier>{820b8d07-ae99-4b13-b15d-e6e6c1e3fbbc}</UniqueIdentifier>
    </Filter>
    <Filter Include="Pathfinding">
      <UniqueIdentifier>{3474cea4-9953-4109-888d-3dcefbf7ccd5}</UniqueIdentifier>
    </Filter>
  </ItemGroup>
</Project>